// !$*UTF8*$!
{
	archiveVersion = 1;
	classes = {
	};
	objectVersion = 48;
	objects = {

/* Begin PBXBuildFile section */
		681E9A96202AF3C7009680FA /* AppDelegate.swift in Sources */ = {isa = PBXBuildFile; fileRef = 681E9A95202AF3C7009680FA /* AppDelegate.swift */; };
		681E9A98202AF3C7009680FA /* ViewController.swift in Sources */ = {isa = PBXBuildFile; fileRef = 681E9A97202AF3C7009680FA /* ViewController.swift */; };
		681E9A9B202AF3C8009680FA /* Main.storyboard in Resources */ = {isa = PBXBuildFile; fileRef = 681E9A99202AF3C8009680FA /* Main.storyboard */; };
		681E9A9D202AF3C8009680FA /* Assets.xcassets in Resources */ = {isa = PBXBuildFile; fileRef = 681E9A9C202AF3C8009680FA /* Assets.xcassets */; };
		681E9AA0202AF3C8009680FA /* LaunchScreen.storyboard in Resources */ = {isa = PBXBuildFile; fileRef = 681E9A9E202AF3C8009680FA /* LaunchScreen.storyboard */; };
		681E9AAB202AF3C8009680FA /* StopWachTests.swift in Sources */ = {isa = PBXBuildFile; fileRef = 681E9AAA202AF3C8009680FA /* StopWachTests.swift */; };
		681E9AB6202AF3C8009680FA /* StopWachUITests.swift in Sources */ = {isa = PBXBuildFile; fileRef = 681E9AB5202AF3C8009680FA /* StopWachUITests.swift */; };
/* End PBXBuildFile section */

/* Begin PBXContainerItemProxy section */
		681E9AA7202AF3C8009680FA /* PBXContainerItemProxy */ = {
			isa = PBXContainerItemProxy;
			containerPortal = 681E9A8A202AF3C7009680FA /* Project object */;
			proxyType = 1;
			remoteGlobalIDString = 681E9A91202AF3C7009680FA;
			remoteInfo = StopWach;
		};
		681E9AB2202AF3C8009680FA /* PBXContainerItemProxy */ = {
			isa = PBXContainerItemProxy;
			containerPortal = 681E9A8A202AF3C7009680FA /* Project object */;
			proxyType = 1;
			remoteGlobalIDString = 681E9A91202AF3C7009680FA;
			remoteInfo = StopWach;
		};
/* End PBXContainerItemProxy section */

/* Begin PBXFileReference section */
		681E9A92202AF3C7009680FA /* StopWach.app */ = {isa = PBXFileReference; explicitFileType = wrapper.application; includeInIndex = 0; path = StopWach.app; sourceTree = BUILT_PRODUCTS_DIR; };
		681E9A95202AF3C7009680FA /* AppDelegate.swift */ = {isa = PBXFileReference; lastKnownFileType = sourcecode.swift; path = AppDelegate.swift; sourceTree = "<group>"; };
		681E9A97202AF3C7009680FA /* ViewController.swift */ = {isa = PBXFileReference; lastKnownFileType = sourcecode.swift; path = ViewController.swift; sourceTree = "<group>"; };
		681E9A9A202AF3C8009680FA /* Base */ = {isa = PBXFileReference; lastKnownFileType = file.storyboard; name = Base; path = Base.lproj/Main.storyboard; sourceTree = "<group>"; };
		681E9A9C202AF3C8009680FA /* Assets.xcassets */ = {isa = PBXFileReference; lastKnownFileType = folder.assetcatalog; path = Assets.xcassets; sourceTree = "<group>"; };
		681E9A9F202AF3C8009680FA /* Base */ = {isa = PBXFileReference; lastKnownFileType = file.storyboard; name = Base; path = Base.lproj/LaunchScreen.storyboard; sourceTree = "<group>"; };
		681E9AA1202AF3C8009680FA /* Info.plist */ = {isa = PBXFileReference; lastKnownFileType = text.plist.xml; path = Info.plist; sourceTree = "<group>"; };
		681E9AA6202AF3C8009680FA /* StopWachTests.xctest */ = {isa = PBXFileReference; explicitFileType = wrapper.cfbundle; includeInIndex = 0; path = StopWachTests.xctest; sourceTree = BUILT_PRODUCTS_DIR; };
		681E9AAA202AF3C8009680FA /* StopWachTests.swift */ = {isa = PBXFileReference; lastKnownFileType = sourcecode.swift; path = StopWachTests.swift; sourceTree = "<group>"; };
		681E9AAC202AF3C8009680FA /* Info.plist */ = {isa = PBXFileReference; lastKnownFileType = text.plist.xml; path = Info.plist; sourceTree = "<group>"; };
		681E9AB1202AF3C8009680FA /* StopWachUITests.xctest */ = {isa = PBXFileReference; explicitFileType = wrapper.cfbundle; includeInIndex = 0; path = StopWachUITests.xctest; sourceTree = BUILT_PRODUCTS_DIR; };
		681E9AB5202AF3C8009680FA /* StopWachUITests.swift */ = {isa = PBXFileReference; lastKnownFileType = sourcecode.swift; path = StopWachUITests.swift; sourceTree = "<group>"; };
		681E9AB7202AF3C8009680FA /* Info.plist */ = {isa = PBXFileReference; lastKnownFileType = text.plist.xml; path = Info.plist; sourceTree = "<group>"; };
/* End PBXFileReference section */

/* Begin PBXFrameworksBuildPhase section */
		681E9A8F202AF3C7009680FA /* Frameworks */ = {
			isa = PBXFrameworksBuildPhase;
			buildActionMask = 2147483647;
			files = (
			);
			runOnlyForDeploymentPostprocessing = 0;
		};
		681E9AA3202AF3C8009680FA /* Frameworks */ = {
			isa = PBXFrameworksBuildPhase;
			buildActionMask = 2147483647;
			files = (
			);
			runOnlyForDeploymentPostprocessing = 0;
		};
		681E9AAE202AF3C8009680FA /* Frameworks */ = {
			isa = PBXFrameworksBuildPhase;
			buildActionMask = 2147483647;
			files = (
			);
			runOnlyForDeploymentPostprocessing = 0;
		};
/* End PBXFrameworksBuildPhase section */

/* Begin PBXGroup section */
		681E9A89202AF3C7009680FA = {
			isa = PBXGroup;
			children = (
				681E9A94202AF3C7009680FA /* StopWach */,
				681E9AA9202AF3C8009680FA /* StopWachTests */,
				681E9AB4202AF3C8009680FA /* StopWachUITests */,
				681E9A93202AF3C7009680FA /* Products */,
			);
			sourceTree = "<group>";
		};
		681E9A93202AF3C7009680FA /* Products */ = {
			isa = PBXGroup;
			children = (
				681E9A92202AF3C7009680FA /* StopWach.app */,
				681E9AA6202AF3C8009680FA /* StopWachTests.xctest */,
				681E9AB1202AF3C8009680FA /* StopWachUITests.xctest */,
			);
			name = Products;
			sourceTree = "<group>";
		};
		681E9A94202AF3C7009680FA /* StopWach */ = {
			isa = PBXGroup;
			children = (
				681E9A95202AF3C7009680FA /* AppDelegate.swift */,
				681E9A97202AF3C7009680FA /* ViewController.swift */,
				681E9A99202AF3C8009680FA /* Main.storyboard */,
				681E9A9C202AF3C8009680FA /* Assets.xcassets */,
				681E9A9E202AF3C8009680FA /* LaunchScreen.storyboard */,
				681E9AA1202AF3C8009680FA /* Info.plist */,
			);
			path = StopWach;
			sourceTree = "<group>";
		};
		681E9AA9202AF3C8009680FA /* StopWachTests */ = {
			isa = PBXGroup;
			children = (
				681E9AAA202AF3C8009680FA /* StopWachTests.swift */,
				681E9AAC202AF3C8009680FA /* Info.plist */,
			);
			path = StopWachTests;
			sourceTree = "<group>";
		};
		681E9AB4202AF3C8009680FA /* StopWachUITests */ = {
			isa = PBXGroup;
			children = (
				681E9AB5202AF3C8009680FA /* StopWachUITests.swift */,
				681E9AB7202AF3C8009680FA /* Info.plist */,
			);
			path = StopWachUITests;
			sourceTree = "<group>";
		};
/* End PBXGroup section */

/* Begin PBXNativeTarget section */
		681E9A91202AF3C7009680FA /* StopWach */ = {
			isa = PBXNativeTarget;
			buildConfigurationList = 681E9ABA202AF3C8009680FA /* Build configuration list for PBXNativeTarget "StopWach" */;
			buildPhases = (
				681E9A8E202AF3C7009680FA /* Sources */,
				681E9A8F202AF3C7009680FA /* Frameworks */,
				681E9A90202AF3C7009680FA /* Resources */,
			);
			buildRules = (
			);
			dependencies = (
			);
			name = StopWach;
			productName = StopWach;
			productReference = 681E9A92202AF3C7009680FA /* StopWach.app */;
			productType = "com.apple.product-type.application";
		};
		681E9AA5202AF3C8009680FA /* StopWachTests */ = {
			isa = PBXNativeTarget;
			buildConfigurationList = 681E9ABD202AF3C8009680FA /* Build configuration list for PBXNativeTarget "StopWachTests" */;
			buildPhases = (
				681E9AA2202AF3C8009680FA /* Sources */,
				681E9AA3202AF3C8009680FA /* Frameworks */,
				681E9AA4202AF3C8009680FA /* Resources */,
			);
			buildRules = (
			);
			dependencies = (
				681E9AA8202AF3C8009680FA /* PBXTargetDependency */,
			);
			name = StopWachTests;
			productName = StopWachTests;
			productReference = 681E9AA6202AF3C8009680FA /* StopWachTests.xctest */;
			productType = "com.apple.product-type.bundle.unit-test";
		};
		681E9AB0202AF3C8009680FA /* StopWachUITests */ = {
			isa = PBXNativeTarget;
			buildConfigurationList = 681E9AC0202AF3C8009680FA /* Build configuration list for PBXNativeTarget "StopWachUITests" */;
			buildPhases = (
				681E9AAD202AF3C8009680FA /* Sources */,
				681E9AAE202AF3C8009680FA /* Frameworks */,
				681E9AAF202AF3C8009680FA /* Resources */,
			);
			buildRules = (
			);
			dependencies = (
				681E9AB3202AF3C8009680FA /* PBXTargetDependency */,
			);
			name = StopWachUITests;
			productName = StopWachUITests;
			productReference = 681E9AB1202AF3C8009680FA /* StopWachUITests.xctest */;
			productType = "com.apple.product-type.bundle.ui-testing";
		};
/* End PBXNativeTarget section */

/* Begin PBXProject section */
		681E9A8A202AF3C7009680FA /* Project object */ = {
			isa = PBXProject;
			attributes = {
				LastSwiftUpdateCheck = 0920;
				LastUpgradeCheck = 0920;
				ORGANIZATIONNAME = "釜野由里佳";
				TargetAttributes = {
					681E9A91202AF3C7009680FA = {
						CreatedOnToolsVersion = 9.2;
						ProvisioningStyle = Automatic;
					};
					681E9AA5202AF3C8009680FA = {
						CreatedOnToolsVersion = 9.2;
						ProvisioningStyle = Automatic;
						TestTargetID = 681E9A91202AF3C7009680FA;
					};
					681E9AB0202AF3C8009680FA = {
						CreatedOnToolsVersion = 9.2;
						ProvisioningStyle = Automatic;
						TestTargetID = 681E9A91202AF3C7009680FA;
					};
				};
			};
			buildConfigurationList = 681E9A8D202AF3C7009680FA /* Build configuration list for PBXProject "StopWach" */;
			compatibilityVersion = "Xcode 8.0";
			developmentRegion = en;
			hasScannedForEncodings = 0;
			knownRegions = (
				en,
				Base,
			);
			mainGroup = 681E9A89202AF3C7009680FA;
			productRefGroup = 681E9A93202AF3C7009680FA /* Products */;
			projectDirPath = "";
			projectRoot = "";
			targets = (
				681E9A91202AF3C7009680FA /* StopWach */,
				681E9AA5202AF3C8009680FA /* StopWachTests */,
				681E9AB0202AF3C8009680FA /* StopWachUITests */,
			);
		};
/* End PBXProject section */

/* Begin PBXResourcesBuildPhase section */
		681E9A90202AF3C7009680FA /* Resources */ = {
			isa = PBXResourcesBuildPhase;
			buildActionMask = 2147483647;
			files = (
				681E9AA0202AF3C8009680FA /* LaunchScreen.storyboard in Resources */,
				681E9A9D202AF3C8009680FA /* Assets.xcassets in Resources */,
				681E9A9B202AF3C8009680FA /* Main.storyboard in Resources */,
			);
			runOnlyForDeploymentPostprocessing = 0;
		};
		681E9AA4202AF3C8009680FA /* Resources */ = {
			isa = PBXResourcesBuildPhase;
			buildActionMask = 2147483647;
			files = (
			);
			runOnlyForDeploymentPostprocessing = 0;
		};
		681E9AAF202AF3C8009680FA /* Resources */ = {
			isa = PBXResourcesBuildPhase;
			buildActionMask = 2147483647;
			files = (
			);
			runOnlyForDeploymentPostprocessing = 0;
		};
/* End PBXResourcesBuildPhase section */

/* Begin PBXSourcesBuildPhase section */
		681E9A8E202AF3C7009680FA /* Sources */ = {
			isa = PBXSourcesBuildPhase;
			buildActionMask = 2147483647;
			files = (
				681E9A98202AF3C7009680FA /* ViewController.swift in Sources */,
				681E9A96202AF3C7009680FA /* AppDelegate.swift in Sources */,
			);
			runOnlyForDeploymentPostprocessing = 0;
		};
		681E9AA2202AF3C8009680FA /* Sources */ = {
			isa = PBXSourcesBuildPhase;
			buildActionMask = 2147483647;
			files = (
				681E9AAB202AF3C8009680FA /* StopWachTests.swift in Sources */,
			);
			runOnlyForDeploymentPostprocessing = 0;
		};
		681E9AAD202AF3C8009680FA /* Sources */ = {
			isa = PBXSourcesBuildPhase;
			buildActionMask = 2147483647;
			files = (
				681E9AB6202AF3C8009680FA /* StopWachUITests.swift in Sources */,
			);
			runOnlyForDeploymentPostprocessing = 0;
		};
/* End PBXSourcesBuildPhase section */

/* Begin PBXTargetDependency section */
		681E9AA8202AF3C8009680FA /* PBXTargetDependency */ = {
			isa = PBXTargetDependency;
			target = 681E9A91202AF3C7009680FA /* StopWach */;
			targetProxy = 681E9AA7202AF3C8009680FA /* PBXContainerItemProxy */;
		};
		681E9AB3202AF3C8009680FA /* PBXTargetDependency */ = {
			isa = PBXTargetDependency;
			target = 681E9A91202AF3C7009680FA /* StopWach */;
			targetProxy = 681E9AB2202AF3C8009680FA /* PBXContainerItemProxy */;
		};
/* End PBXTargetDependency section */

/* Begin PBXVariantGroup section */
		681E9A99202AF3C8009680FA /* Main.storyboard */ = {
			isa = PBXVariantGroup;
			children = (
				681E9A9A202AF3C8009680FA /* Base */,
			);
			name = Main.storyboard;
			sourceTree = "<group>";
		};
		681E9A9E202AF3C8009680FA /* LaunchScreen.storyboard */ = {
			isa = PBXVariantGroup;
			children = (
				681E9A9F202AF3C8009680FA /* Base */,
			);
			name = LaunchScreen.storyboard;
			sourceTree = "<group>";
		};
/* End PBXVariantGroup section */

/* Begin XCBuildConfiguration section */
		681E9AB8202AF3C8009680FA /* Debug */ = {
			isa = XCBuildConfiguration;
			buildSettings = {
				ALWAYS_SEARCH_USER_PATHS = NO;
				CLANG_ANALYZER_NONNULL = YES;
				CLANG_ANALYZER_NUMBER_OBJECT_CONVERSION = YES_AGGRESSIVE;
				CLANG_CXX_LANGUAGE_STANDARD = "gnu++14";
				CLANG_CXX_LIBRARY = "libc++";
				CLANG_ENABLE_MODULES = YES;
				CLANG_ENABLE_OBJC_ARC = YES;
				CLANG_WARN_BLOCK_CAPTURE_AUTORELEASING = YES;
				CLANG_WARN_BOOL_CONVERSION = YES;
				CLANG_WARN_COMMA = YES;
				CLANG_WARN_CONSTANT_CONVERSION = YES;
				CLANG_WARN_DIRECT_OBJC_ISA_USAGE = YES_ERROR;
				CLANG_WARN_DOCUMENTATION_COMMENTS = YES;
				CLANG_WARN_EMPTY_BODY = YES;
				CLANG_WARN_ENUM_CONVERSION = YES;
				CLANG_WARN_INFINITE_RECURSION = YES;
				CLANG_WARN_INT_CONVERSION = YES;
				CLANG_WARN_NON_LITERAL_NULL_CONVERSION = YES;
				CLANG_WARN_OBJC_LITERAL_CONVERSION = YES;
				CLANG_WARN_OBJC_ROOT_CLASS = YES_ERROR;
				CLANG_WARN_RANGE_LOOP_ANALYSIS = YES;
				CLANG_WARN_STRICT_PROTOTYPES = YES;
				CLANG_WARN_SUSPICIOUS_MOVE = YES;
				CLANG_WARN_UNGUARDED_AVAILABILITY = YES_AGGRESSIVE;
				CLANG_WARN_UNREACHABLE_CODE = YES;
				CLANG_WARN__DUPLICATE_METHOD_MATCH = YES;
				CODE_SIGN_IDENTITY = "iPhone Developer";
				COPY_PHASE_STRIP = NO;
				DEBUG_INFORMATION_FORMAT = dwarf;
				ENABLE_STRICT_OBJC_MSGSEND = YES;
				ENABLE_TESTABILITY = YES;
				GCC_C_LANGUAGE_STANDARD = gnu11;
				GCC_DYNAMIC_NO_PIC = NO;
				GCC_NO_COMMON_BLOCKS = YES;
				GCC_OPTIMIZATION_LEVEL = 0;
				GCC_PREPROCESSOR_DEFINITIONS = (
					"DEBUG=1",
					"$(inherited)",
				);
				GCC_WARN_64_TO_32_BIT_CONVERSION = YES;
				GCC_WARN_ABOUT_RETURN_TYPE = YES_ERROR;
				GCC_WARN_UNDECLARED_SELECTOR = YES;
				GCC_WARN_UNINITIALIZED_AUTOS = YES_AGGRESSIVE;
				GCC_WARN_UNUSED_FUNCTION = YES;
				GCC_WARN_UNUSED_VARIABLE = YES;
				IPHONEOS_DEPLOYMENT_TARGET = 11.2;
				MTL_ENABLE_DEBUG_INFO = YES;
				ONLY_ACTIVE_ARCH = YES;
				SDKROOT = iphoneos;
				SWIFT_ACTIVE_COMPILATION_CONDITIONS = DEBUG;
				SWIFT_OPTIMIZATION_LEVEL = "-Onone";
			};
			name = Debug;
		};
		681E9AB9202AF3C8009680FA /* Release */ = {
			isa = XCBuildConfiguration;
			buildSettings = {
				ALWAYS_SEARCH_USER_PATHS = NO;
				CLANG_ANALYZER_NONNULL = YES;
				CLANG_ANALYZER_NUMBER_OBJECT_CONVERSION = YES_AGGRESSIVE;
				CLANG_CXX_LANGUAGE_STANDARD = "gnu++14";
				CLANG_CXX_LIBRARY = "libc++";
				CLANG_ENABLE_MODULES = YES;
				CLANG_ENABLE_OBJC_ARC = YES;
				CLANG_WARN_BLOCK_CAPTURE_AUTORELEASING = YES;
				CLANG_WARN_BOOL_CONVERSION = YES;
				CLANG_WARN_COMMA = YES;
				CLANG_WARN_CONSTANT_CONVERSION = YES;
				CLANG_WARN_DIRECT_OBJC_ISA_USAGE = YES_ERROR;
				CLANG_WARN_DOCUMENTATION_COMMENTS = YES;
				CLANG_WARN_EMPTY_BODY = YES;
				CLANG_WARN_ENUM_CONVERSION = YES;
				CLANG_WARN_INFINITE_RECURSION = YES;
				CLANG_WARN_INT_CONVERSION = YES;
				CLANG_WARN_NON_LITERAL_NULL_CONVERSION = YES;
				CLANG_WARN_OBJC_LITERAL_CONVERSION = YES;
				CLANG_WARN_OBJC_ROOT_CLASS = YES_ERROR;
				CLANG_WARN_RANGE_LOOP_ANALYSIS = YES;
				CLANG_WARN_STRICT_PROTOTYPES = YES;
				CLANG_WARN_SUSPICIOUS_MOVE = YES;
				CLANG_WARN_UNGUARDED_AVAILABILITY = YES_AGGRESSIVE;
				CLANG_WARN_UNREACHABLE_CODE = YES;
				CLANG_WARN__DUPLICATE_METHOD_MATCH = YES;
				CODE_SIGN_IDENTITY = "iPhone Developer";
				COPY_PHASE_STRIP = NO;
				DEBUG_INFORMATION_FORMAT = "dwarf-with-dsym";
				ENABLE_NS_ASSERTIONS = NO;
				ENABLE_STRICT_OBJC_MSGSEND = YES;
				GCC_C_LANGUAGE_STANDARD = gnu11;
				GCC_NO_COMMON_BLOCKS = YES;
				GCC_WARN_64_TO_32_BIT_CONVERSION = YES;
				GCC_WARN_ABOUT_RETURN_TYPE = YES_ERROR;
				GCC_WARN_UNDECLARED_SELECTOR = YES;
				GCC_WARN_UNINITIALIZED_AUTOS = YES_AGGRESSIVE;
				GCC_WARN_UNUSED_FUNCTION = YES;
				GCC_WARN_UNUSED_VARIABLE = YES;
				IPHONEOS_DEPLOYMENT_TARGET = 11.2;
				MTL_ENABLE_DEBUG_INFO = NO;
				SDKROOT = iphoneos;
				SWIFT_OPTIMIZATION_LEVEL = "-Owholemodule";
				VALIDATE_PRODUCT = YES;
			};
			name = Release;
		};
		681E9ABB202AF3C8009680FA /* Debug */ = {
			isa = XCBuildConfiguration;
			buildSettings = {
				ASSETCATALOG_COMPILER_APPICON_NAME = AppIcon;
				CODE_SIGN_STYLE = Automatic;
				INFOPLIST_FILE = StopWach/Info.plist;
				LD_RUNPATH_SEARCH_PATHS = "$(inherited) @executable_path/Frameworks";
				PRODUCT_BUNDLE_IDENTIFIER = com.litech.StopWach;
				PRODUCT_NAME = "$(TARGET_NAME)";
				SWIFT_VERSION = 4.0;
				TARGETED_DEVICE_FAMILY = "1,2";
			};
			name = Debug;
		};
		681E9ABC202AF3C8009680FA /* Release */ = {
			isa = XCBuildConfiguration;
			buildSettings = {
				ASSETCATALOG_COMPILER_APPICON_NAME = AppIcon;
				CODE_SIGN_STYLE = Automatic;
				INFOPLIST_FILE = StopWach/Info.plist;
				LD_RUNPATH_SEARCH_PATHS = "$(inherited) @executable_path/Frameworks";
				PRODUCT_BUNDLE_IDENTIFIER = com.litech.StopWach;
				PRODUCT_NAME = "$(TARGET_NAME)";
				SWIFT_VERSION = 4.0;
				TARGETED_DEVICE_FAMILY = "1,2";
			};
			name = Release;
		};
		681E9ABE202AF3C8009680FA /* Debug */ = {
			isa = XCBuildConfiguration;
			buildSettings = {
				ALWAYS_EMBED_SWIFT_STANDARD_LIBRARIES = YES;
				BUNDLE_LOADER = "$(TEST_HOST)";
				CODE_SIGN_STYLE = Automatic;
				INFOPLIST_FILE = StopWachTests/Info.plist;
				LD_RUNPATH_SEARCH_PATHS = "$(inherited) @executable_path/Frameworks @loader_path/Frameworks";
				PRODUCT_BUNDLE_IDENTIFIER = com.litech.StopWachTests;
				PRODUCT_NAME = "$(TARGET_NAME)";
				SWIFT_VERSION = 4.0;
				TARGETED_DEVICE_FAMILY = "1,2";
				TEST_HOST = "$(BUILT_PRODUCTS_DIR)/StopWach.app/StopWach";
			};
			name = Debug;
		};
		681E9ABF202AF3C8009680FA /* Release */ = {
			isa = XCBuildConfiguration;
			buildSettings = {
				ALWAYS_EMBED_SWIFT_STANDARD_LIBRARIES = YES;
				BUNDLE_LOADER = "$(TEST_HOST)";
				CODE_SIGN_STYLE = Automatic;
				INFOPLIST_FILE = StopWachTests/Info.plist;
				LD_RUNPATH_SEARCH_PATHS = "$(inherited) @executable_path/Frameworks @loader_path/Frameworks";
				PRODUCT_BUNDLE_IDENTIFIER = com.litech.StopWachTests;
				PRODUCT_NAME = "$(TARGET_NAME)";
				SWIFT_VERSION = 4.0;
				TARGETED_DEVICE_FAMILY = "1,2";
				TEST_HOST = "$(BUILT_PRODUCTS_DIR)/StopWach.app/StopWach";
			};
			name = Release;
		};
		681E9AC1202AF3C8009680FA /* Debug */ = {
			isa = XCBuildConfiguration;
			buildSettings = {
				ALWAYS_EMBED_SWIFT_STANDARD_LIBRARIES = YES;
				CODE_SIGN_STYLE = Automatic;
				INFOPLIST_FILE = StopWachUITests/Info.plist;
				LD_RUNPATH_SEARCH_PATHS = "$(inherited) @executable_path/Frameworks @loader_path/Frameworks";
				PRODUCT_BUNDLE_IDENTIFIER = com.litech.StopWachUITests;
				PRODUCT_NAME = "$(TARGET_NAME)";
				SWIFT_VERSION = 4.0;
				TARGETED_DEVICE_FAMILY = "1,2";
				TEST_TARGET_NAME = StopWach;
			};
			name = Debug;
		};
		681E9AC2202AF3C8009680FA /* Release */ = {
			isa = XCBuildConfiguration;
			buildSettings = {
				ALWAYS_EMBED_SWIFT_STANDARD_LIBRARIES = YES;
				CODE_SIGN_STYLE = Automatic;
				INFOPLIST_FILE = StopWachUITests/Info.plist;
				LD_RUNPATH_SEARCH_PATHS = "$(inherited) @executable_path/Frameworks @loader_path/Frameworks";
				PRODUCT_BUNDLE_IDENTIFIER = com.litech.StopWachUITests;
				PRODUCT_NAME = "$(TARGET_NAME)";
				SWIFT_VERSION = 4.0;
				TARGETED_DEVICE_FAMILY = "1,2";
				TEST_TARGET_NAME = StopWach;
			};
			name = Release;
		};
/* End XCBuildConfiguration section */

/* Begin XCConfigurationList section */
		681E9A8D202AF3C7009680FA /* Build configuration list for PBXProject "StopWach" */ = {
			isa = XCConfigurationList;
			buildConfigurations = (
				681E9AB8202AF3C8009680FA /* Debug */,
				681E9AB9202AF3C8009680FA /* Release */,
			);
			defaultConfigurationIsVisible = 0;
			defaultConfigurationName = Release;
		};
		681E9ABA202AF3C8009680FA /* Build configuration list for PBXNativeTarget "StopWach" */ = {
			isa = XCConfigurationList;
			buildConfigurations = (
				681E9ABB202AF3C8009680FA /* Debug */,
				681E9ABC202AF3C8009680FA /* Release */,
			);
			defaultConfigurationIsVisible = 0;
			defaultConfigurationName = Release;
		};
		681E9ABD202AF3C8009680FA /* Build configuration list for PBXNativeTarget "StopWachTests" */ = {
			isa = XCConfigurationList;
			buildConfigurations = (
				681E9ABE202AF3C8009680FA /* Debug */,
				681E9ABF202AF3C8009680FA /* Release */,
			);
			defaultConfigurationIsVisible = 0;
			defaultConfigurationName = Release;
		};
		681E9AC0202AF3C8009680FA /* Build configuration list for PBXNativeTarget "StopWachUITests" */ = {
			isa = XCConfigurationList;
			buildConfigurations = (
				681E9AC1202AF3C8009680FA /* Debug */,
				681E9AC2202AF3C8009680FA /* Release */,
			);
			defaultConfigurationIsVisible = 0;
			defaultConfigurationName = Release;
		};
/* End XCConfigurationList section */
	};
	rootObject = 681E9A8A202AF3C7009680FA /* Project object */;
}
